
Microsoft Visual Studio Solution File, Format Version 12.00
# Visual Studio Version 17
VisualStudioVersion = 17.10.35013.160
MinimumVisualStudioVersion = 10.0.40219.1
Project("{9A19103F-16F7-4668-BE54-9A1E7A4F7556}") = "WebAPI", "WebAPI\WebAPI.csproj", "{77E29064-1F91-4274-A7D6-F14AE3C65824}"
EndProject
Project("{FAE04EC0-301F-11D3-BF4B-00C04F79EFBC}") = "WindowsService1", "WindowsService1\WindowsService1.csproj", "{F8190CE1-7CB1-438F-8E19-723AD19E3B25}"
EndProject
Project("{FAE04EC0-301F-11D3-BF4B-00C04F79EFBC}") = "Service1Monitor", "Service1Monitor\Service1Monitor.csproj", "{EE523145-CEBF-4F23-91AE-7A474857EDB9}"
EndProject
Project("{FAE04EC0-301F-11D3-BF4B-00C04F79EFBC}") = "SettingsApp", "SettingsApp\SettingsApp.csproj", "{D0465E1A-D692-4D75-8A13-A4507ABC1D6D}"
EndProject
Global
	GlobalSection(SolutionConfigurationPlatforms) = preSolution
		Debug|Any CPU = Debug|Any CPU
		Release|Any CPU = Release|Any CPU
	EndGlobalSection
	GlobalSection(ProjectConfigurationPlatforms) = postSolution
		{77E29064-1F91-4274-A7D6-F14AE3C65824}.Debug|Any CPU.ActiveCfg = Debug|Any CPU
		{77E29064-1F91-4274-A7D6-F14AE3C65824}.Debug|Any CPU.Build.0 = Debug|Any CPU
		{77E29064-1F91-4274-A7D6-F14AE3C65824}.Release|Any CPU.ActiveCfg = Release|Any CPU
		{77E29064-1F91-4274-A7D6-F14AE3C65824}.Release|Any CPU.Build.0 = Release|Any CPU
		{F8190CE1-7CB1-438F-8E19-723AD19E3B25}.Debug|Any CPU.ActiveCfg = Debug|Any CPU
		{F8190CE1-7CB1-438F-8E19-723AD19E3B25}.Debug|Any CPU.Build.0 = Debug|Any CPU
		{F8190CE1-7CB1-438F-8E19-723AD19E3B25}.Release|Any CPU.ActiveCfg = Release|Any CPU
		{F8190CE1-7CB1-438F-8E19-723AD19E3B25}.Release|Any CPU.Build.0 = Release|Any CPU
		{EE523145-CEBF-4F23-91AE-7A474857EDB9}.Debug|Any CPU.ActiveCfg = Debug|Any CPU
		{EE523145-CEBF-4F23-91AE-7A474857EDB9}.Debug|Any CPU.Build.0 = Debug|Any CPU
		{EE523145-CEBF-4F23-91AE-7A474857EDB9}.Release|Any CPU.ActiveCfg = Release|Any CPU
		{EE523145-CEBF-4F23-91AE-7A474857EDB9}.Release|Any CPU.Build.0 = Release|Any CPU
		{D0465E1A-D692-4D75-8A13-A4507ABC1D6D}.Debug|Any CPU.ActiveCfg = Debug|Any CPU
		{D0465E1A-D692-4D75-8A13-A4507ABC1D6D}.Debug|Any CPU.Build.0 = Debug|Any CPU
		{D0465E1A-D692-4D75-8A13-A4507ABC1D6D}.Release|Any CPU.ActiveCfg = Release|Any CPU
		{D0465E1A-D692-4D75-8A13-A4507ABC1D6D}.Release|Any CPU.Build.0 = Release|Any CPU
	EndGlobalSection
	GlobalSection(SolutionProperties) = preSolution
		HideSolutionNode = FALSE
	EndGlobalSection
	GlobalSection(ExtensibilityGlobals) = postSolution
		SolutionGuid = {EB60DE8B-F2E5-47B1-9FD8-3F69E5FAB19C}
	EndGlobalSection
EndGlobal
